
Microsoft Visual Studio Solution File, Format Version 12.00
# Visual Studio Version 17
VisualStudioVersion = 17.8.34408.163
MinimumVisualStudioVersion = 10.0.40219.1
Project("{FAE04EC0-301F-11D3-BF4B-00C04F79EFBC}") = "Metrics-Analyzer", "Metrics-Analyzer.csproj", "{BF414168-2568-4B5C-B474-40C69D3FB942}"
EndProject
Global
	GlobalSection(SolutionConfigurationPlatforms) = preSolution
		Debug|Any CPU = Debug|Any CPU
		Release|Any CPU = Release|Any CPU
	EndGlobalSection
	GlobalSection(ProjectConfigurationPlatforms) = postSolution
		{BF414168-2568-4B5C-B474-40C69D3FB942}.Debug|Any CPU.ActiveCfg = Debug|Any CPU
		{BF414168-2568-4B5C-B474-40C69D3FB942}.Debug|Any CPU.Build.0 = Debug|Any CPU
		{BF414168-2568-4B5C-B474-40C69D3FB942}.Release|Any CPU.ActiveCfg = Release|Any CPU
		{BF414168-2568-4B5C-B474-40C69D3FB942}.Release|Any CPU.Build.0 = Release|Any CPU
	EndGlobalSection
	GlobalSection(SolutionProperties) = preSolution
		HideSolutionNode = FALSE
	EndGlobalSection
	GlobalSection(ExtensibilityGlobals) = postSolution
		SolutionGuid = {0C54F4A0-37C4-44B9-BF94-5C5AB1184901}
	EndGlobalSection
EndGlobal
